
Microsoft Visual Studio Solution File, Format Version 12.00
# Visual Studio Version 17
VisualStudioVersion = 17.0.31903.59
MinimumVisualStudioVersion = 10.0.40219.1
Project("{2150E333-8FDC-42A3-9474-1A3956D46DE8}") = "src", "src", "{827E0CD3-B72D-47B6-A68D-7590B98EB39B}"
EndProject
Project("{FAE04EC0-301F-11D3-BF4B-00C04F79EFBC}") = "AdministracionFlotillas.AccesoDatos", "src\AdministracionFlotillas.AccesoDatos\AdministracionFlotillas.AccesoDatos.csproj", "{D8D3BB00-CB04-4466-89E3-5C475C65192C}"
EndProject
Project("{FAE04EC0-301F-11D3-BF4B-00C04F79EFBC}") = "AdministracionFlotillas.ModelosComunes", "src\AdministracionFlotillas.ModelosComunes\AdministracionFlotillas.ModelosComunes.csproj", "{37E60C48-0EA1-4AE8-87EF-F3D96BEFC26B}"
EndProject
Project("{FAE04EC0-301F-11D3-BF4B-00C04F79EFBC}") = "AdministracionFlotillas.ReglasNegocio", "src\AdministracionFlotillas.ReglasNegocio\AdministracionFlotillas.ReglasNegocio.csproj", "{F5D63D54-C721-46BA-8743-C7165B1B23EB}"
EndProject
Project("{FAE04EC0-301F-11D3-BF4B-00C04F79EFBC}") = "AdministracionFlotillas.Web", "src\AdministracionFlotillas.Web\AdministracionFlotillas.Web.csproj", "{E7118057-B301-47C0-8213-EC88B8AA0FF4}"
EndProject
Global
	GlobalSection(SolutionConfigurationPlatforms) = preSolution
		Debug|Any CPU = Debug|Any CPU
		Debug|x64 = Debug|x64
		Debug|x86 = Debug|x86
		Release|Any CPU = Release|Any CPU
		Release|x64 = Release|x64
		Release|x86 = Release|x86
	EndGlobalSection
	GlobalSection(ProjectConfigurationPlatforms) = postSolution
		{D8D3BB00-CB04-4466-89E3-5C475C65192C}.Debug|Any CPU.ActiveCfg = Debug|Any CPU
		{D8D3BB00-CB04-4466-89E3-5C475C65192C}.Debug|Any CPU.Build.0 = Debug|Any CPU
		{D8D3BB00-CB04-4466-89E3-5C475C65192C}.Debug|x64.ActiveCfg = Debug|Any CPU
		{D8D3BB00-CB04-4466-89E3-5C475C65192C}.Debug|x64.Build.0 = Debug|Any CPU
		{D8D3BB00-CB04-4466-89E3-5C475C65192C}.Debug|x86.ActiveCfg = Debug|Any CPU
		{D8D3BB00-CB04-4466-89E3-5C475C65192C}.Debug|x86.Build.0 = Debug|Any CPU
		{D8D3BB00-CB04-4466-89E3-5C475C65192C}.Release|Any CPU.ActiveCfg = Release|Any CPU
		{D8D3BB00-CB04-4466-89E3-5C475C65192C}.Release|Any CPU.Build.0 = Release|Any CPU
		{D8D3BB00-CB04-4466-89E3-5C475C65192C}.Release|x64.ActiveCfg = Release|Any CPU
		{D8D3BB00-CB04-4466-89E3-5C475C65192C}.Release|x64.Build.0 = Release|Any CPU
		{D8D3BB00-CB04-4466-89E3-5C475C65192C}.Release|x86.ActiveCfg = Release|Any CPU
		{D8D3BB00-CB04-4466-89E3-5C475C65192C}.Release|x86.Build.0 = Release|Any CPU
		{37E60C48-0EA1-4AE8-87EF-F3D96BEFC26B}.Debug|Any CPU.ActiveCfg = Debug|Any CPU
		{37E60C48-0EA1-4AE8-87EF-F3D96BEFC26B}.Debug|Any CPU.Build.0 = Debug|Any CPU
		{37E60C48-0EA1-4AE8-87EF-F3D96BEFC26B}.Debug|x64.ActiveCfg = Debug|Any CPU
		{37E60C48-0EA1-4AE8-87EF-F3D96BEFC26B}.Debug|x64.Build.0 = Debug|Any CPU
		{37E60C48-0EA1-4AE8-87EF-F3D96BEFC26B}.Debug|x86.ActiveCfg = Debug|Any CPU
		{37E60C48-0EA1-4AE8-87EF-F3D96BEFC26B}.Debug|x86.Build.0 = Debug|Any CPU
		{37E60C48-0EA1-4AE8-87EF-F3D96BEFC26B}.Release|Any CPU.ActiveCfg = Release|Any CPU
		{37E60C48-0EA1-4AE8-87EF-F3D96BEFC26B}.Release|Any CPU.Build.0 = Release|Any CPU
		{37E60C48-0EA1-4AE8-87EF-F3D96BEFC26B}.Release|x64.ActiveCfg = Release|Any CPU
		{37E60C48-0EA1-4AE8-87EF-F3D96BEFC26B}.Release|x64.Build.0 = Release|Any CPU
		{37E60C48-0EA1-4AE8-87EF-F3D96BEFC26B}.Release|x86.ActiveCfg = Release|Any CPU
		{37E60C48-0EA1-4AE8-87EF-F3D96BEFC26B}.Release|x86.Build.0 = Release|Any CPU
		{F5D63D54-C721-46BA-8743-C7165B1B23EB}.Debug|Any CPU.ActiveCfg = Debug|Any CPU
		{F5D63D54-C721-46BA-8743-C7165B1B23EB}.Debug|Any CPU.Build.0 = Debug|Any CPU
		{F5D63D54-C721-46BA-8743-C7165B1B23EB}.Debug|x64.ActiveCfg = Debug|Any CPU
		{F5D63D54-C721-46BA-8743-C7165B1B23EB}.Debug|x64.Build.0 = Debug|Any CPU
		{F5D63D54-C721-46BA-8743-C7165B1B23EB}.Debug|x86.ActiveCfg = Debug|Any CPU
		{F5D63D54-C721-46BA-8743-C7165B1B23EB}.Debug|x86.Build.0 = Debug|Any CPU
		{F5D63D54-C721-46BA-8743-C7165B1B23EB}.Release|Any CPU.ActiveCfg = Release|Any CPU
		{F5D63D54-C721-46BA-8743-C7165B1B23EB}.Release|Any CPU.Build.0 = Release|Any CPU
		{F5D63D54-C721-46BA-8743-C7165B1B23EB}.Release|x64.ActiveCfg = Release|Any CPU
		{F5D63D54-C721-46BA-8743-C7165B1B23EB}.Release|x64.Build.0 = Release|Any CPU
		{F5D63D54-C721-46BA-8743-C7165B1B23EB}.Release|x86.ActiveCfg = Release|Any CPU
		{F5D63D54-C721-46BA-8743-C7165B1B23EB}.Release|x86.Build.0 = Release|Any CPU
		{E7118057-B301-47C0-8213-EC88B8AA0FF4}.Debug|Any CPU.ActiveCfg = Debug|Any CPU
		{E7118057-B301-47C0-8213-EC88B8AA0FF4}.Debug|Any CPU.Build.0 = Debug|Any CPU
		{E7118057-B301-47C0-8213-EC88B8AA0FF4}.Debug|x64.ActiveCfg = Debug|Any CPU
		{E7118057-B301-47C0-8213-EC88B8AA0FF4}.Debug|x64.Build.0 = Debug|Any CPU
		{E7118057-B301-47C0-8213-EC88B8AA0FF4}.Debug|x86.ActiveCfg = Debug|Any CPU
		{E7118057-B301-47C0-8213-EC88B8AA0FF4}.Debug|x86.Build.0 = Debug|Any CPU
		{E7118057-B301-47C0-8213-EC88B8AA0FF4}.Release|Any CPU.ActiveCfg = Release|Any CPU
		{E7118057-B301-47C0-8213-EC88B8AA0FF4}.Release|Any CPU.Build.0 = Release|Any CPU
		{E7118057-B301-47C0-8213-EC88B8AA0FF4}.Release|x64.ActiveCfg = Release|Any CPU
		{E7118057-B301-47C0-8213-EC88B8AA0FF4}.Release|x64.Build.0 = Release|Any CPU
		{E7118057-B301-47C0-8213-EC88B8AA0FF4}.Release|x86.ActiveCfg = Release|Any CPU
		{E7118057-B301-47C0-8213-EC88B8AA0FF4}.Release|x86.Build.0 = Release|Any CPU
	EndGlobalSection
	GlobalSection(SolutionProperties) = preSolution
		HideSolutionNode = FALSE
	EndGlobalSection
	GlobalSection(NestedProjects) = preSolution
		{D8D3BB00-CB04-4466-89E3-5C475C65192C} = {827E0CD3-B72D-47B6-A68D-7590B98EB39B}
		{37E60C48-0EA1-4AE8-87EF-F3D96BEFC26B} = {827E0CD3-B72D-47B6-A68D-7590B98EB39B}
		{F5D63D54-C721-46BA-8743-C7165B1B23EB} = {827E0CD3-B72D-47B6-A68D-7590B98EB39B}
		{E7118057-B301-47C0-8213-EC88B8AA0FF4} = {827E0CD3-B72D-47B6-A68D-7590B98EB39B}
	EndGlobalSection
EndGlobal
